akr-lock 0.1
project pixelkit

build {
    tool "akr 0.5.1"
    grammar "0.1"
    vocabulary "0.2"
    source_graph "sha256:db756944e491b43fa10d7de3b53dd5dcf0e859296d29eded93e53ae04be52c21"
}

source ".akr/project.akr" {
    hash "sha256:760581ce3b39bf108f136c62467eb9be4f93a45212041c440dcb7301e2cce2fa"
    records 0
}

source ".akr/records/pixelkit/evidence.akr" {
    hash "sha256:d72180109356ddeb3cf5e96823e7711673dcf99dc2394b7a22349ec4d903a642"
    records 4
}

source ".akr/records/pixelkit/papercuts.akr" {
    hash "sha256:6d3797a47d968330113294641933325ae9d8520f2c9c8330eb5274e0188b33df"
    records 1
}

source ".akr/records/pixelkit/work.akr" {
    hash "sha256:b8b79d091a3cfbd9a8347d3aa7a4e43b83a1f6cf50b55c153cbe9cec47e8b675"
    records 2
}

seal @pixelkit.evidence.coverage-simd-profile/1 {
    state verified
    hash "sha256:2672a2dd8bb1f168cebb4dc3f8e9664ad9fd65004cc4be5cedd89c5326118070"
}

seal @pixelkit.evidence.coverage-simd-tests/1 {
    state verified
    hash "sha256:112faae8aa88726b45a4afce0614748814c36037be2fd12e2c033d5a9523b9c8"
}

seal @pixelkit.evidence.windowing-live/1 {
    state verified
    hash "sha256:3d65c97b5cd2890d17ea35c5567aa5172142f8d5ee3e71d44f1e131970d27fb2"
}

seal @pixelkit.evidence.windowing-tests/1 {
    state verified
    hash "sha256:e4093c7277ffed9e41a58c0a874a0613cd287a42e0992b9a4a15772499f82b4d"
}

seal @pixelkit.papercut.during-the-first-pixelkit-planning-lookup-akr/1 {
    state verified
    hash "sha256:e968eba153f8a82e41bc3f364b402ae7bbd305e61633d951576931bff9036d18"
}

seal @pixelkit.work.windowing-crate/1 {
    state completed
    hash "sha256:17c664527242acd8121fef22810c989b65306248f2c8efa8f6fd4fc30ead4ff7"
}
